// !$*UTF8*$!
{
	archiveVersion = 1;
	classes = {
	};
	objectVersion = 56;
	objects = {

/* Begin PBXBuildFile section */
		A34FDAE22A5D7C86008FFACD /* AppDelegate.swift in Sources */ = {isa = PBXBuildFile; fileRef = A34FDAE12A5D7C86008FFACD /* AppDelegate.swift */; };
		A34FDAE42A5D7C86008FFACD /* SceneDelegate.swift in Sources */ = {isa = PBXBuildFile; fileRef = A34FDAE32A5D7C86008FFACD /* SceneDelegate.swift */; };
		A34FDAE62A5D7C86008FFACD /* ViewController.swift in Sources */ = {isa = PBXBuildFile; fileRef = A34FDAE52A5D7C86008FFACD /* ViewController.swift */; };
		A34FDAE92A5D7C86008FFACD /* Main.storyboard in Resources */ = {isa = PBXBuildFile; fileRef = A34FDAE72A5D7C86008FFACD /* Main.storyboard */; };
		A34FDAEB2A5D7C88008FFACD /* Assets.xcassets in Resources */ = {isa = PBXBuildFile; fileRef = A34FDAEA2A5D7C88008FFACD /* Assets.xcassets */; };
		A34FDAEE2A5D7C88008FFACD /* LaunchScreen.storyboard in Resources */ = {isa = PBXBuildFile; fileRef = A34FDAEC2A5D7C88008FFACD /* LaunchScreen.storyboard */; };
		A34FDAF62A5ED879008FFACD /* TrainViewController.swift in Sources */ = {isa = PBXBuildFile; fileRef = A34FDAF52A5ED879008FFACD /* TrainViewController.swift */; };
/* End PBXBuildFile section */

/* Begin PBXFileReference section */
		A34FDADE2A5D7C86008FFACD /* MathTrainer.app */ = {isa = PBXFileReference; explicitFileType = wrapper.application; includeInIndex = 0; path = MathTrainer.app; sourceTree = BUILT_PRODUCTS_DIR; };
		A34FDAE12A5D7C86008FFACD /* AppDelegate.swift */ = {isa = PBXFileReference; lastKnownFileType = sourcecode.swift; path = AppDelegate.swift; sourceTree = "<group>"; };
		A34FDAE32A5D7C86008FFACD /* SceneDelegate.swift */ = {isa = PBXFileReference; lastKnownFileType = sourcecode.swift; path = SceneDelegate.swift; sourceTree = "<group>"; };
		A34FDAE52A5D7C86008FFACD /* ViewController.swift */ = {isa = PBXFileReference; lastKnownFileType = sourcecode.swift; path = ViewController.swift; sourceTree = "<group>"; };
		A34FDAE82A5D7C86008FFACD /* Base */ = {isa = PBXFileReference; lastKnownFileType = file.storyboard; name = Base; path = Base.lproj/Main.storyboard; sourceTree = "<group>"; };
		A34FDAEA2A5D7C88008FFACD /* Assets.xcassets */ = {isa = PBXFileReference; lastKnownFileType = folder.assetcatalog; path = Assets.xcassets; sourceTree = "<group>"; };
		A34FDAED2A5D7C88008FFACD /* Base */ = {isa = PBXFileReference; lastKnownFileType = file.storyboard; name = Base; path = Base.lproj/LaunchScreen.storyboard; sourceTree = "<group>"; };
		A34FDAEF2A5D7C88008FFACD /* Info.plist */ = {isa = PBXFileReference; lastKnownFileType = text.plist.xml; path = Info.plist; sourceTree = "<group>"; };
		A34FDAF52A5ED879008FFACD /* TrainViewController.swift */ = {isa = PBXFileReference; lastKnownFileType = sourcecode.swift; path = TrainViewController.swift; sourceTree = "<group>"; };
/* End PBXFileReference section */

/* Begin PBXFrameworksBuildPhase section */
		A34FDADB2A5D7C86008FFACD /* Frameworks */ = {
			isa = PBXFrameworksBuildPhase;
			buildActionMask = 2147483647;
			files = (
			);
			runOnlyForDeploymentPostprocessing = 0;
		};
/* End PBXFrameworksBuildPhase section */

/* Begin PBXGroup section */
		A34FDAD52A5D7C86008FFACD = {
			isa = PBXGroup;
			children = (
				A34FDAE02A5D7C86008FFACD /* MathTrainer */,
				A34FDADF2A5D7C86008FFACD /* Products */,
			);
			sourceTree = "<group>";
		};
		A34FDADF2A5D7C86008FFACD /* Products */ = {
			isa = PBXGroup;
			children = (
				A34FDADE2A5D7C86008FFACD /* MathTrainer.app */,
			);
			name = Products;
			sourceTree = "<group>";
		};
		A34FDAE02A5D7C86008FFACD /* MathTrainer */ = {
			isa = PBXGroup;
			children = (
				A34FDAE12A5D7C86008FFACD /* AppDelegate.swift */,
				A34FDAE32A5D7C86008FFACD /* SceneDelegate.swift */,
				A34FDAE52A5D7C86008FFACD /* ViewController.swift */,
				A34FDAF52A5ED879008FFACD /* TrainViewController.swift */,
				A34FDAE72A5D7C86008FFACD /* Main.storyboard */,
				A34FDAEA2A5D7C88008FFACD /* Assets.xcassets */,
				A34FDAEC2A5D7C88008FFACD /* LaunchScreen.storyboard */,
				A34FDAEF2A5D7C88008FFACD /* Info.plist */,
			);
			path = MathTrainer;
			sourceTree = "<group>";
		};
/* End PBXGroup section */

/* Begin PBXNativeTarget section */
		A34FDADD2A5D7C86008FFACD /* MathTrainer */ = {
			isa = PBXNativeTarget;
			buildConfigurationList = A34FDAF22A5D7C88008FFACD /* Build configuration list for PBXNativeTarget "MathTrainer" */;
			buildPhases = (
				A34FDADA2A5D7C86008FFACD /* Sources */,
				A34FDADB2A5D7C86008FFACD /* Frameworks */,
				A34FDADC2A5D7C86008FFACD /* Resources */,
			);
			buildRules = (
			);
			dependencies = (
			);
			name = MathTrainer;
			productName = MathTrainer;
			productReference = A34FDADE2A5D7C86008FFACD /* MathTrainer.app */;
			productType = "com.apple.product-type.application";
		};
/* End PBXNativeTarget section */

/* Begin PBXProject section */
		A34FDAD62A5D7C86008FFACD /* Project object */ = {
			isa = PBXProject;
			attributes = {
				BuildIndependentTargetsInParallel = 1;
				LastSwiftUpdateCheck = 1430;
				LastUpgradeCheck = 1430;
				TargetAttributes = {
					A34FDADD2A5D7C86008FFACD = {
						CreatedOnToolsVersion = 14.3.1;
					};
				};
			};
			buildConfigurationList = A34FDAD92A5D7C86008FFACD /* Build configuration list for PBXProject "MathTrainer" */;
			compatibilityVersion = "Xcode 14.0";
			developmentRegion = en;
			hasScannedForEncodings = 0;
			knownRegions = (
				en,
				Base,
			);
			mainGroup = A34FDAD52A5D7C86008FFACD;
			productRefGroup = A34FDADF2A5D7C86008FFACD /* Products */;
			projectDirPath = "";
			projectRoot = "";
			targets = (
				A34FDADD2A5D7C86008FFACD /* MathTrainer */,
			);
		};
/* End PBXProject section */

/* Begin PBXResourcesBuildPhase section */
		A34FDADC2A5D7C86008FFACD /* Resources */ = {
			isa = PBXResourcesBuildPhase;
			buildActionMask = 2147483647;
			files = (
				A34FDAEE2A5D7C88008FFACD /* LaunchScreen.storyboard in Resources */,
				A34FDAEB2A5D7C88008FFACD /* Assets.xcassets in Resources */,
				A34FDAE92A5D7C86008FFACD /* Main.storyboard in Resources */,
			);
			runOnlyForDeploymentPostprocessing = 0;
		};
/* End PBXResourcesBuildPhase section */

/* Begin PBXSourcesBuildPhase section */
		A34FDADA2A5D7C86008FFACD /* Sources */ = {
			isa = PBXSourcesBuildPhase;
			buildActionMask = 2147483647;
			files = (
				A34FDAE62A5D7C86008FFACD /* ViewController.swift in Sources */,
				A34FDAF62A5ED879008FFACD /* TrainViewController.swift in Sources */,
				A34FDAE22A5D7C86008FFACD /* AppDelegate.swift in Sources */,
				A34FDAE42A5D7C86008FFACD /* SceneDelegate.swift in Sources */,
			);
			runOnlyForDeploymentPostprocessing = 0;
		};
/* End PBXSourcesBuildPhase section */

/* Begin PBXVariantGroup section */
		A34FDAE72A5D7C86008FFACD /* Main.storyboard */ = {
			isa = PBXVariantGroup;
			children = (
				A34FDAE82A5D7C86008FFACD /* Base */,
			);
			name = Main.storyboard;
			sourceTree = "<group>";
		};
		A34FDAEC2A5D7C88008FFACD /* LaunchScreen.storyboard */ = {
			isa = PBXVariantGroup;
			children = (
				A34FDAED2A5D7C88008FFACD /* Base */,
			);
			name = LaunchScreen.storyboard;
			sourceTree = "<group>";
		};
/* End PBXVariantGroup section */

/* Begin XCBuildConfiguration section */
		A34FDAF02A5D7C88008FFACD /* Debug */ = {
			isa = XCBuildConfiguration;
			buildSettings = {
				ALWAYS_SEARCH_USER_PATHS = NO;
				CLANG_ANALYZER_NONNULL = YES;
				CLANG_ANALYZER_NUMBER_OBJECT_CONVERSION = YES_AGGRESSIVE;
				CLANG_CXX_LANGUAGE_STANDARD = "gnu++20";
				CLANG_ENABLE_MODULES = YES;
				CLANG_ENABLE_OBJC_ARC = YES;
				CLANG_ENABLE_OBJC_WEAK = YES;
				CLANG_WARN_BLOCK_CAPTURE_AUTORELEASING = YES;
				CLANG_WARN_BOOL_CONVERSION = YES;
				CLANG_WARN_COMMA = YES;
				CLANG_WARN_CONSTANT_CONVERSION = YES;
				CLANG_WARN_DEPRECATED_OBJC_IMPLEMENTATIONS = YES;
				CLANG_WARN_DIRECT_OBJC_ISA_USAGE = YES_ERROR;
				CLANG_WARN_DOCUMENTATION_COMMENTS = YES;
				CLANG_WARN_EMPTY_BODY = YES;
				CLANG_WARN_ENUM_CONVERSION = YES;
				CLANG_WARN_INFINITE_RECURSION = YES;
				CLANG_WARN_INT_CONVERSION = YES;
				CLANG_WARN_NON_LITERAL_NULL_CONVERSION = YES;
				CLANG_WARN_OBJC_IMPLICIT_RETAIN_SELF = YES;
				CLANG_WARN_OBJC_LITERAL_CONVERSION = YES;
				CLANG_WARN_OBJC_ROOT_CLASS = YES_ERROR;
				CLANG_WARN_QUOTED_INCLUDE_IN_FRAMEWORK_HEADER = YES;
				CLANG_WARN_RANGE_LOOP_ANALYSIS = YES;
				CLANG_WARN_STRICT_PROTOTYPES = YES;
				CLANG_WARN_SUSPICIOUS_MOVE = YES;
				CLANG_WARN_UNGUARDED_AVAILABILITY = YES_AGGRESSIVE;
				CLANG_WARN_UNREACHABLE_CODE = YES;
				CLANG_WARN__DUPLICATE_METHOD_MATCH = YES;
				COPY_PHASE_STRIP = NO;
				DEBUG_INFORMATION_FORMAT = dwarf;
				ENABLE_STRICT_OBJC_MSGSEND = YES;
				ENABLE_TESTABILITY = YES;
				GCC_C_LANGUAGE_STANDARD = gnu11;
				GCC_DYNAMIC_NO_PIC = NO;
				GCC_NO_COMMON_BLOCKS = YES;
				GCC_OPTIMIZATION_LEVEL = 0;
				GCC_PREPROCESSOR_DEFINITIONS = (
					"DEBUG=1",
					"$(inherited)",
				);
				GCC_WARN_64_TO_32_BIT_CONVERSION = YES;
				GCC_WARN_ABOUT_RETURN_TYPE = YES_ERROR;
				GCC_WARN_UNDECLARED_SELECTOR = YES;
				GCC_WARN_UNINITIALIZED_AUTOS = YES_AGGRESSIVE;
				GCC_WARN_UNUSED_FUNCTION = YES;
				GCC_WARN_UNUSED_VARIABLE = YES;
				IPHONEOS_DEPLOYMENT_TARGET = 16.4;
				MTL_ENABLE_DEBUG_INFO = INCLUDE_SOURCE;
				MTL_FAST_MATH = YES;
				ONLY_ACTIVE_ARCH = YES;
				SDKROOT = iphoneos;
				SWIFT_ACTIVE_COMPILATION_CONDITIONS = DEBUG;
				SWIFT_OPTIMIZATION_LEVEL = "-Onone";
			};
			name = Debug;
		};
		A34FDAF12A5D7C88008FFACD /* Release */ = {
			isa = XCBuildConfiguration;
			buildSettings = {
				ALWAYS_SEARCH_USER_PATHS = NO;
				CLANG_ANALYZER_NONNULL = YES;
				CLANG_ANALYZER_NUMBER_OBJECT_CONVERSION = YES_AGGRESSIVE;
				CLANG_CXX_LANGUAGE_STANDARD = "gnu++20";
				CLANG_ENABLE_MODULES = YES;
				CLANG_ENABLE_OBJC_ARC = YES;
				CLANG_ENABLE_OBJC_WEAK = YES;
				CLANG_WARN_BLOCK_CAPTURE_AUTORELEASING = YES;
				CLANG_WARN_BOOL_CONVERSION = YES;
				CLANG_WARN_COMMA = YES;
				CLANG_WARN_CONSTANT_CONVERSION = YES;
				CLANG_WARN_DEPRECATED_OBJC_IMPLEMENTATIONS = YES;
				CLANG_WARN_DIRECT_OBJC_ISA_USAGE = YES_ERROR;
				CLANG_WARN_DOCUMENTATION_COMMENTS = YES;
				CLANG_WARN_EMPTY_BODY = YES;
				CLANG_WARN_ENUM_CONVERSION = YES;
				CLANG_WARN_INFINITE_RECURSION = YES;
				CLANG_WARN_INT_CONVERSION = YES;
				CLANG_WARN_NON_LITERAL_NULL_CONVERSION = YES;
				CLANG_WARN_OBJC_IMPLICIT_RETAIN_SELF = YES;
				CLANG_WARN_OBJC_LITERAL_CONVERSION = YES;
				CLANG_WARN_OBJC_ROOT_CLASS = YES_ERROR;
				CLANG_WARN_QUOTED_INCLUDE_IN_FRAMEWORK_HEADER = YES;
				CLANG_WARN_RANGE_LOOP_ANALYSIS = YES;
				CLANG_WARN_STRICT_PROTOTYPES = YES;
				CLANG_WARN_SUSPICIOUS_MOVE = YES;
				CLANG_WARN_UNGUARDED_AVAILABILITY = YES_AGGRESSIVE;
				CLANG_WARN_UNREACHABLE_CODE = YES;
				CLANG_WARN__DUPLICATE_METHOD_MATCH = YES;
				COPY_PHASE_STRIP = NO;
				DEBUG_INFORMATION_FORMAT = "dwarf-with-dsym";
				ENABLE_NS_ASSERTIONS = NO;
				ENABLE_STRICT_OBJC_MSGSEND = YES;
				GCC_C_LANGUAGE_STANDARD = gnu11;
				GCC_NO_COMMON_BLOCKS = YES;
				GCC_WARN_64_TO_32_BIT_CONVERSION = YES;
				GCC_WARN_ABOUT_RETURN_TYPE = YES_ERROR;
				GCC_WARN_UNDECLARED_SELECTOR = YES;
				GCC_WARN_UNINITIALIZED_AUTOS = YES_AGGRESSIVE;
				GCC_WARN_UNUSED_FUNCTION = YES;
				GCC_WARN_UNUSED_VARIABLE = YES;
				IPHONEOS_DEPLOYMENT_TARGET = 16.4;
				MTL_ENABLE_DEBUG_INFO = NO;
				MTL_FAST_MATH = YES;
				SDKROOT = iphoneos;
				SWIFT_COMPILATION_MODE = wholemodule;
				SWIFT_OPTIMIZATION_LEVEL = "-O";
				VALIDATE_PRODUCT = YES;
			};
			name = Release;
		};
		A34FDAF32A5D7C88008FFACD /* Debug */ = {
			isa = XCBuildConfiguration;
			buildSettings = {
				ASSETCATALOG_COMPILER_APPICON_NAME = AppIcon;
				ASSETCATALOG_COMPILER_GLOBAL_ACCENT_COLOR_NAME = AccentColor;
				CODE_SIGN_STYLE = Automatic;
				CURRENT_PROJECT_VERSION = 1;
				GENERATE_INFOPLIST_FILE = YES;
				INFOPLIST_FILE = MathTrainer/Info.plist;
				INFOPLIST_KEY_UIApplicationSupportsIndirectInputEvents = YES;
				INFOPLIST_KEY_UILaunchStoryboardName = LaunchScreen;
				INFOPLIST_KEY_UIMainStoryboardFile = Main;
				INFOPLIST_KEY_UISupportedInterfaceOrientations = UIInterfaceOrientationPortrait;
				LD_RUNPATH_SEARCH_PATHS = (
					"$(inherited)",
					"@executable_path/Frameworks",
				);
				MARKETING_VERSION = 1.0;
				PRODUCT_BUNDLE_IDENTIFIER = "Marina-Zhuravleva.MathTrainer";
				PRODUCT_NAME = "$(TARGET_NAME)";
				SWIFT_EMIT_LOC_STRINGS = YES;
				SWIFT_VERSION = 5.0;
				TARGETED_DEVICE_FAMILY = "1,2";
			};
			name = Debug;
		};
		A34FDAF42A5D7C88008FFACD /* Release */ = {
			isa = XCBuildConfiguration;
			buildSettings = {
				ASSETCATALOG_COMPILER_APPICON_NAME = AppIcon;
				ASSETCATALOG_COMPILER_GLOBAL_ACCENT_COLOR_NAME = AccentColor;
				CODE_SIGN_STYLE = Automatic;
				CURRENT_PROJECT_VERSION = 1;
				GENERATE_INFOPLIST_FILE = YES;
				INFOPLIST_FILE = MathTrainer/Info.plist;
				INFOPLIST_KEY_UIApplicationSupportsIndirectInputEvents = YES;
				INFOPLIST_KEY_UILaunchStoryboardName = LaunchScreen;
				INFOPLIST_KEY_UIMainStoryboardFile = Main;
				INFOPLIST_KEY_UISupportedInterfaceOrientations = UIInterfaceOrientationPortrait;
				LD_RUNPATH_SEARCH_PATHS = (
					"$(inherited)",
					"@executable_path/Frameworks",
				);
				MARKETING_VERSION = 1.0;
				PRODUCT_BUNDLE_IDENTIFIER = "Marina-Zhuravleva.MathTrainer";
				PRODUCT_NAME = "$(TARGET_NAME)";
				SWIFT_EMIT_LOC_STRINGS = YES;
				SWIFT_VERSION = 5.0;
				TARGETED_DEVICE_FAMILY = "1,2";
			};
			name = Release;
		};
/* End XCBuildConfiguration section */

/* Begin XCConfigurationList section */
		A34FDAD92A5D7C86008FFACD /* Build configuration list for PBXProject "MathTrainer" */ = {
			isa = XCConfigurationList;
			buildConfigurations = (
				A34FDAF02A5D7C88008FFACD /* Debug */,
				A34FDAF12A5D7C88008FFACD /* Release */,
			);
			defaultConfigurationIsVisible = 0;
			defaultConfigurationName = Release;
		};
		A34FDAF22A5D7C88008FFACD /* Build configuration list for PBXNativeTarget "MathTrainer" */ = {
			isa = XCConfigurationList;
			buildConfigurations = (
				A34FDAF32A5D7C88008FFACD /* Debug */,
				A34FDAF42A5D7C88008FFACD /* Release */,
			);
			defaultConfigurationIsVisible = 0;
			defaultConfigurationName = Release;
		};
/* End XCConfigurationList section */
	};
	rootObject = A34FDAD62A5D7C86008FFACD /* Project object */;
}
